
Microsoft Visual Studio Solution File, Format Version 12.00
# Visual Studio Version 16
VisualStudioVersion = 16.0.29424.173
MinimumVisualStudioVersion = 10.0.40219.1
Project("{9092AA53-FB77-4645-B42D-1CCCA6BD08BD}") = "ChipBotApp", "ChipBotApp\ChipBotApp.njsproj", "{D416A782-3441-4090-A706-5F30C6524B43}"
EndProject
Global
	GlobalSection(SolutionConfigurationPlatforms) = preSolution
		Debug|Any CPU = Debug|Any CPU
		Release|Any CPU = Release|Any CPU
	EndGlobalSection
	GlobalSection(ProjectConfigurationPlatforms) = postSolution
		{D416A782-3441-4090-A706-5F30C6524B43}.Debug|Any CPU.ActiveCfg = Debug|Any CPU
		{D416A782-3441-4090-A706-5F30C6524B43}.Debug|Any CPU.Build.0 = Debug|Any CPU
		{D416A782-3441-4090-A706-5F30C6524B43}.Release|Any CPU.ActiveCfg = Release|Any CPU
		{D416A782-3441-4090-A706-5F30C6524B43}.Release|Any CPU.Build.0 = Release|Any CPU
	EndGlobalSection
	GlobalSection(SolutionProperties) = preSolution
		HideSolutionNode = FALSE
	EndGlobalSection
	GlobalSection(ExtensibilityGlobals) = postSolution
		SolutionGuid = {BD62DCBC-C35E-462F-88C0-4D8992D850A2}
	EndGlobalSection
EndGlobal
